PODS:
  - Alamofire (3.4.0)
  - Nimble (3.2.0)
  - Quick (0.9.2)
  - SwiftyDropbox (3.0.0):
    - Alamofire (~> 3.1)
  - Vandelay (0.1.0)
  - VandelayDropbox (0.1.0):
    - SwiftyDropbox (~> 3.0.0)
    - Vandelay (~> 0.1)

DEPENDENCIES:
  - Nimble (~> 3.0)
  - Quick (~> 0.8)
  - Vandelay (from `../Vandelay`)
  - VandelayDropbox (from `../VandelayDropbox`)

EXTERNAL SOURCES:
  Vandelay:
    :path: ../Vandelay
  VandelayDropbox:
    :path: ../VandelayDropbox

SPEC CHECKSUMS:
  Alamofire: c19a627cefd6a95f840401c49ab1f124e07f54ee
  Nimble: 703854335d181df169bbca9c97117b5cf8c47c1d
  Quick: 18d057bc66451eedd5d1c8dc99ba2a5db6e60226
  SwiftyDropbox: e0d4aa3166082ec07ed942e94edb8c732b3376e4
  Vandelay: cb1ed72e1a782b087fdca5900e170e8f36de5add
  VandelayDropbox: 47e0bc8c08fb16ce1fa9b5f0897193825c1ed1b9

PODFILE CHECKSUM: ef9f6dd4a73ca0703274ed514e93604eeadfc5e5

COCOAPODS: 1.0.0
