// !$*UTF8*$!
{
	archiveVersion = 1;
	classes = {
	};
	objectVersion = 52;
	objects = {

/* Begin PBXAggregateTarget section */
		"Vandelay::VandelayPackageTests::ProductTarget" /* VandelayPackageTests */ = {
			isa = PBXAggregateTarget;
			buildConfigurationList = OBJ_306 /* Build configuration list for PBXAggregateTarget "VandelayPackageTests" */;
			buildPhases = (
			);
			dependencies = (
				OBJ_309 /* PBXTargetDependency */,
			);
			name = VandelayPackageTests;
			productName = VandelayPackageTests;
		};
/* End PBXAggregateTarget section */

/* Begin PBXBuildFile section */
		84AF3E27234CFF00004E0297 /* ImportResult+AlertMessage.swift in Sources */ = {isa = PBXBuildFile; fileRef = 84AF3E26234CFF00004E0297 /* ImportResult+AlertMessage.swift */; };
		84AF3E29234CFF24004E0297 /* ExportResult+AlertMessage.swift in Sources */ = {isa = PBXBuildFile; fileRef = 84AF3E28234CFF24004E0297 /* ExportResult+AlertMessage.swift */; };
		84AF3E2B234D1233004E0297 /* ViewController+Alert.swift in Sources */ = {isa = PBXBuildFile; fileRef = 84AF3E2A234D1233004E0297 /* ViewController+Alert.swift */; };
		84AF3E2D234D279A004E0297 /* IncomingFileHandler.swift in Sources */ = {isa = PBXBuildFile; fileRef = 84AF3E2C234D279A004E0297 /* IncomingFileHandler.swift */; };
		84DAED73234B2233003F3CD8 /* AppDelegate.swift in Sources */ = {isa = PBXBuildFile; fileRef = 84DAED72234B2233003F3CD8 /* AppDelegate.swift */; };
		84DAED75234B2233003F3CD8 /* SceneDelegate.swift in Sources */ = {isa = PBXBuildFile; fileRef = 84DAED74234B2233003F3CD8 /* SceneDelegate.swift */; };
		84DAED7A234B2233003F3CD8 /* Main.storyboard in Resources */ = {isa = PBXBuildFile; fileRef = 84DAED78234B2233003F3CD8 /* Main.storyboard */; };
		84DAED7C234B2235003F3CD8 /* Assets.xcassets in Resources */ = {isa = PBXBuildFile; fileRef = 84DAED7B234B2235003F3CD8 /* Assets.xcassets */; };
		84DAED7F234B2235003F3CD8 /* LaunchScreen.storyboard in Resources */ = {isa = PBXBuildFile; fileRef = 84DAED7D234B2235003F3CD8 /* LaunchScreen.storyboard */; };
		84DAED8F234B2929003F3CD8 /* TodoItem.swift in Sources */ = {isa = PBXBuildFile; fileRef = 84DAED86234B2929003F3CD8 /* TodoItem.swift */; };
		84DAED90234B2929003F3CD8 /* TodoItemViewController.swift in Sources */ = {isa = PBXBuildFile; fileRef = 84DAED87234B2929003F3CD8 /* TodoItemViewController.swift */; };
		84DAED91234B2929003F3CD8 /* TodoItemRepository.swift in Sources */ = {isa = PBXBuildFile; fileRef = 84DAED88234B2929003F3CD8 /* TodoItemRepository.swift */; };
		84DAED92234B2929003F3CD8 /* UIImage+Resize.swift in Sources */ = {isa = PBXBuildFile; fileRef = 84DAED8A234B2929003F3CD8 /* UIImage+Resize.swift */; };
		84DAED93234B2929003F3CD8 /* PhotoRepository.swift in Sources */ = {isa = PBXBuildFile; fileRef = 84DAED8B234B2929003F3CD8 /* PhotoRepository.swift */; };
		84DAED94234B2929003F3CD8 /* Photo.swift in Sources */ = {isa = PBXBuildFile; fileRef = 84DAED8C234B2929003F3CD8 /* Photo.swift */; };
		84DAED95234B2929003F3CD8 /* PhotoViewController.swift in Sources */ = {isa = PBXBuildFile; fileRef = 84DAED8D234B2929003F3CD8 /* PhotoViewController.swift */; };
		84DAED96234B2929003F3CD8 /* PhotoCollectionViewCell.swift in Sources */ = {isa = PBXBuildFile; fileRef = 84DAED8E234B2929003F3CD8 /* PhotoCollectionViewCell.swift */; };
		84DAED99234B2A47003F3CD8 /* ViewController+Export.swift in Sources */ = {isa = PBXBuildFile; fileRef = 84DAED97234B2A46003F3CD8 /* ViewController+Export.swift */; };
		84DAED9A234B2A47003F3CD8 /* ViewController+Import.swift in Sources */ = {isa = PBXBuildFile; fileRef = 84DAED98234B2A46003F3CD8 /* ViewController+Import.swift */; };
		84DAED9C234B2A5F003F3CD8 /* Vandelay.framework in Frameworks */ = {isa = PBXBuildFile; fileRef = "Vandelay::Vandelay::Product" /* Vandelay.framework */; };
		84DAED9D234B2A5F003F3CD8 /* Vandelay.framework in Embed Frameworks */ = {isa = PBXBuildFile; fileRef = "Vandelay::Vandelay::Product" /* Vandelay.framework */; settings = {ATTRIBUTES = (CodeSignOnCopy, RemoveHeadersOnCopy, ); }; };
		84DAEDA2234B2B54003F3CD8 /* ViewController.swift in Sources */ = {isa = PBXBuildFile; fileRef = 84DAEDA1234B2B54003F3CD8 /* ViewController.swift */; };
		A963E2BD24A9D74F00665C6B /* Nimble in Frameworks */ = {isa = PBXBuildFile; productRef = A963E2BC24A9D74F00665C6B /* Nimble */; };
		A963E2BF24A9D76100665C6B /* Quick in Frameworks */ = {isa = PBXBuildFile; productRef = A963E2BE24A9D76100665C6B /* Quick */; };
		A963E2C224A9D77900665C6B /* Mockery in Frameworks */ = {isa = PBXBuildFile; productRef = A963E2C124A9D77900665C6B /* Mockery */; };
		OBJ_276 /* DataExporter.swift in Sources */ = {isa = PBXBuildFile; fileRef = OBJ_10 /* DataExporter.swift */; };
		OBJ_277 /* EmailExporter.swift in Sources */ = {isa = PBXBuildFile; fileRef = OBJ_11 /* EmailExporter.swift */; };
		OBJ_278 /* ExportMethod.swift in Sources */ = {isa = PBXBuildFile; fileRef = OBJ_12 /* ExportMethod.swift */; };
		OBJ_279 /* ExportResult.swift in Sources */ = {isa = PBXBuildFile; fileRef = OBJ_13 /* ExportResult.swift */; };
		OBJ_280 /* ExportState.swift in Sources */ = {isa = PBXBuildFile; fileRef = OBJ_14 /* ExportState.swift */; };
		OBJ_281 /* Exporter.swift in Sources */ = {isa = PBXBuildFile; fileRef = OBJ_15 /* Exporter.swift */; };
		OBJ_282 /* FileExporter.swift in Sources */ = {isa = PBXBuildFile; fileRef = OBJ_16 /* FileExporter.swift */; };
		OBJ_283 /* MessageExporter.swift in Sources */ = {isa = PBXBuildFile; fileRef = OBJ_17 /* MessageExporter.swift */; };
		OBJ_284 /* PasteboardExporter.swift in Sources */ = {isa = PBXBuildFile; fileRef = OBJ_18 /* PasteboardExporter.swift */; };
		OBJ_285 /* StringExporter.swift in Sources */ = {isa = PBXBuildFile; fileRef = OBJ_19 /* StringExporter.swift */; };
		OBJ_286 /* FileNameGenerator.swift in Sources */ = {isa = PBXBuildFile; fileRef = OBJ_21 /* FileNameGenerator.swift */; };
		OBJ_287 /* RandomFileNameGenerator.swift in Sources */ = {isa = PBXBuildFile; fileRef = OBJ_22 /* RandomFileNameGenerator.swift */; };
		OBJ_288 /* StaticFileNameGenerator.swift in Sources */ = {isa = PBXBuildFile; fileRef = OBJ_23 /* StaticFileNameGenerator.swift */; };
		OBJ_289 /* DataImporter.swift in Sources */ = {isa = PBXBuildFile; fileRef = OBJ_25 /* DataImporter.swift */; };
		OBJ_290 /* FileImporter.swift in Sources */ = {isa = PBXBuildFile; fileRef = OBJ_26 /* FileImporter.swift */; };
		OBJ_291 /* ImportMethod.swift in Sources */ = {isa = PBXBuildFile; fileRef = OBJ_27 /* ImportMethod.swift */; };
		OBJ_292 /* ImportResult.swift in Sources */ = {isa = PBXBuildFile; fileRef = OBJ_28 /* ImportResult.swift */; };
		OBJ_293 /* ImportState.swift in Sources */ = {isa = PBXBuildFile; fileRef = OBJ_29 /* ImportState.swift */; };
		OBJ_294 /* Importer.swift in Sources */ = {isa = PBXBuildFile; fileRef = OBJ_30 /* Importer.swift */; };
		OBJ_295 /* PasteboardImporter.swift in Sources */ = {isa = PBXBuildFile; fileRef = OBJ_31 /* PasteboardImporter.swift */; };
		OBJ_296 /* StringImporter.swift in Sources */ = {isa = PBXBuildFile; fileRef = OBJ_32 /* StringImporter.swift */; };
		OBJ_297 /* UrlImporter.swift in Sources */ = {isa = PBXBuildFile; fileRef = OBJ_33 /* UrlImporter.swift */; };
		OBJ_304 /* Package.swift in Sources */ = {isa = PBXBuildFile; fileRef = OBJ_6 /* Package.swift */; };
		OBJ_315 /* DataExporterTests.swift in Sources */ = {isa = PBXBuildFile; fileRef = OBJ_37 /* DataExporterTests.swift */; };
		OBJ_316 /* EmailExporterTests.swift in Sources */ = {isa = PBXBuildFile; fileRef = OBJ_38 /* EmailExporterTests.swift */; };
		OBJ_317 /* ExporterTests.swift in Sources */ = {isa = PBXBuildFile; fileRef = OBJ_39 /* ExporterTests.swift */; };
		OBJ_318 /* FileExporterTests.swift in Sources */ = {isa = PBXBuildFile; fileRef = OBJ_40 /* FileExporterTests.swift */; };
		OBJ_319 /* MessageExporterTests.swift in Sources */ = {isa = PBXBuildFile; fileRef = OBJ_41 /* MessageExporterTests.swift */; };
		OBJ_320 /* PasteboardExporterTests.swift in Sources */ = {isa = PBXBuildFile; fileRef = OBJ_42 /* PasteboardExporterTests.swift */; };
		OBJ_321 /* StringExporterTests.swift in Sources */ = {isa = PBXBuildFile; fileRef = OBJ_43 /* StringExporterTests.swift */; };
		OBJ_322 /* RandomFileNameGenerator.swift in Sources */ = {isa = PBXBuildFile; fileRef = OBJ_45 /* RandomFileNameGenerator.swift */; };
		OBJ_323 /* StaticFileNameGeneratorTests.swift in Sources */ = {isa = PBXBuildFile; fileRef = OBJ_46 /* StaticFileNameGeneratorTests.swift */; };
		OBJ_324 /* FileImporterTests.swift in Sources */ = {isa = PBXBuildFile; fileRef = OBJ_48 /* FileImporterTests.swift */; };
		OBJ_325 /* PasteboardImporterTests.swift in Sources */ = {isa = PBXBuildFile; fileRef = OBJ_49 /* PasteboardImporterTests.swift */; };
		OBJ_326 /* UrlImporterTests.swift in Sources */ = {isa = PBXBuildFile; fileRef = OBJ_50 /* UrlImporterTests.swift */; };
		OBJ_327 /* MockDataExporter.swift in Sources */ = {isa = PBXBuildFile; fileRef = OBJ_52 /* MockDataExporter.swift */; };
		OBJ_328 /* MockDataImporter.swift in Sources */ = {isa = PBXBuildFile; fileRef = OBJ_53 /* MockDataImporter.swift */; };
		OBJ_329 /* XCTestManifests.swift in Sources */ = {isa = PBXBuildFile; fileRef = OBJ_54 /* XCTestManifests.swift */; };
		OBJ_334 /* Vandelay.framework in Frameworks */ = {isa = PBXBuildFile; fileRef = "Vandelay::Vandelay::Product" /* Vandelay.framework */; };
/* End PBXBuildFile section */

/* Begin PBXContainerItemProxy section */
		847225C6234B080B00283684 /* PBXContainerItemProxy */ = {
			isa = PBXContainerItemProxy;
			containerPortal = OBJ_1 /* Project object */;
			proxyType = 1;
			remoteGlobalIDString = "Vandelay::Vandelay";
			remoteInfo = Vandelay;
		};
		847225C7234B080C00283684 /* PBXContainerItemProxy */ = {
			isa = PBXContainerItemProxy;
			containerPortal = OBJ_1 /* Project object */;
			proxyType = 1;
			remoteGlobalIDString = "Vandelay::VandelayTests";
			remoteInfo = VandelayTests;
		};
		84DAED9E234B2A5F003F3CD8 /* PBXContainerItemProxy */ = {
			isa = PBXContainerItemProxy;
			containerPortal = OBJ_1 /* Project object */;
			proxyType = 1;
			remoteGlobalIDString = "Vandelay::Vandelay";
			remoteInfo = Vandelay;
		};
/* End PBXContainerItemProxy section */

/* Begin PBXCopyFilesBuildPhase section */
		84DAEDA0234B2A5F003F3CD8 /* Embed Frameworks */ = {
			isa = PBXCopyFilesBuildPhase;
			buildActionMask = 2147483647;
			dstPath = "";
			dstSubfolderSpec = 10;
			files = (
				84DAED9D234B2A5F003F3CD8 /* Vandelay.framework in Embed Frameworks */,
			);
			name = "Embed Frameworks";
			runOnlyForDeploymentPostprocessing = 0;
		};
/* End PBXCopyFilesBuildPhase section */

/* Begin PBXFileReference section */
		847225C9234B08C500283684 /* .gitignore */ = {isa = PBXFileReference; lastKnownFileType = text; path = .gitignore; sourceTree = "<group>"; };
		847225CA234B08C500283684 /* .swiftlint.yml */ = {isa = PBXFileReference; lastKnownFileType = text.yaml; path = .swiftlint.yml; sourceTree = "<group>"; };
		84AF3E26234CFF00004E0297 /* ImportResult+AlertMessage.swift */ = {isa = PBXFileReference; lastKnownFileType = sourcecode.swift; path = "ImportResult+AlertMessage.swift"; sourceTree = "<group>"; };
		84AF3E28234CFF24004E0297 /* ExportResult+AlertMessage.swift */ = {isa = PBXFileReference; lastKnownFileType = sourcecode.swift; path = "ExportResult+AlertMessage.swift"; sourceTree = "<group>"; };
		84AF3E2A234D1233004E0297 /* ViewController+Alert.swift */ = {isa = PBXFileReference; lastKnownFileType = sourcecode.swift; path = "ViewController+Alert.swift"; sourceTree = "<group>"; };
		84AF3E2C234D279A004E0297 /* IncomingFileHandler.swift */ = {isa = PBXFileReference; lastKnownFileType = sourcecode.swift; path = IncomingFileHandler.swift; sourceTree = "<group>"; };
		84AF3E3C234D472F004E0297 /* Resources */ = {isa = PBXFileReference; lastKnownFileType = folder; path = Resources; sourceTree = "<group>"; };
		84DAED70234B2233003F3CD8 /* VandelayDemo.app */ = {isa = PBXFileReference; explicitFileType = wrapper.application; includeInIndex = 0; path = VandelayDemo.app; sourceTree = BUILT_PRODUCTS_DIR; };
		84DAED72234B2233003F3CD8 /* AppDelegate.swift */ = {isa = PBXFileReference; lastKnownFileType = sourcecode.swift; path = AppDelegate.swift; sourceTree = "<group>"; };
		84DAED74234B2233003F3CD8 /* SceneDelegate.swift */ = {isa = PBXFileReference; lastKnownFileType = sourcecode.swift; path = SceneDelegate.swift; sourceTree = "<group>"; };
		84DAED79234B2233003F3CD8 /* Base */ = {isa = PBXFileReference; lastKnownFileType = file.storyboard; name = Base; path = Base.lproj/Main.storyboard; sourceTree = "<group>"; };
		84DAED7B234B2235003F3CD8 /* Assets.xcassets */ = {isa = PBXFileReference; lastKnownFileType = folder.assetcatalog; path = Assets.xcassets; sourceTree = "<group>"; };
		84DAED7E234B2235003F3CD8 /* Base */ = {isa = PBXFileReference; lastKnownFileType = file.storyboard; name = Base; path = Base.lproj/LaunchScreen.storyboard; sourceTree = "<group>"; };
		84DAED80234B2235003F3CD8 /* Info.plist */ = {isa = PBXFileReference; lastKnownFileType = text.plist.xml; path = Info.plist; sourceTree = "<group>"; };
		84DAED86234B2929003F3CD8 /* TodoItem.swift */ = {isa = PBXFileReference; fileEncoding = 4; lastKnownFileType = sourcecode.swift; path = TodoItem.swift; sourceTree = "<group>"; };
		84DAED87234B2929003F3CD8 /* TodoItemViewController.swift */ = {isa = PBXFileReference; fileEncoding = 4; lastKnownFileType = sourcecode.swift; path = TodoItemViewController.swift; sourceTree = "<group>"; };
		84DAED88234B2929003F3CD8 /* TodoItemRepository.swift */ = {isa = PBXFileReference; fileEncoding = 4; lastKnownFileType = sourcecode.swift; path = TodoItemRepository.swift; sourceTree = "<group>"; };
		84DAED8A234B2929003F3CD8 /* UIImage+Resize.swift */ = {isa = PBXFileReference; fileEncoding = 4; lastKnownFileType = sourcecode.swift; path = "UIImage+Resize.swift"; sourceTree = "<group>"; };
		84DAED8B234B2929003F3CD8 /* PhotoRepository.swift */ = {isa = PBXFileReference; fileEncoding = 4; lastKnownFileType = sourcecode.swift; path = PhotoRepository.swift; sourceTree = "<group>"; };
		84DAED8C234B2929003F3CD8 /* Photo.swift */ = {isa = PBXFileReference; fileEncoding = 4; lastKnownFileType = sourcecode.swift; path = Photo.swift; sourceTree = "<group>"; };
		84DAED8D234B2929003F3CD8 /* PhotoViewController.swift */ = {isa = PBXFileReference; fileEncoding = 4; lastKnownFileType = sourcecode.swift; path = PhotoViewController.swift; sourceTree = "<group>"; };
		84DAED8E234B2929003F3CD8 /* PhotoCollectionViewCell.swift */ = {isa = PBXFileReference; fileEncoding = 4; lastKnownFileType = sourcecode.swift; path = PhotoCollectionViewCell.swift; sourceTree = "<group>"; };
		84DAED97234B2A46003F3CD8 /* ViewController+Export.swift */ = {isa = PBXFileReference; fileEncoding = 4; lastKnownFileType = sourcecode.swift; path = "ViewController+Export.swift"; sourceTree = "<group>"; };
		84DAED98234B2A46003F3CD8 /* ViewController+Import.swift */ = {isa = PBXFileReference; fileEncoding = 4; lastKnownFileType = sourcecode.swift; path = "ViewController+Import.swift"; sourceTree = "<group>"; };
		84DAEDA1234B2B54003F3CD8 /* ViewController.swift */ = {isa = PBXFileReference; fileEncoding = 4; lastKnownFileType = sourcecode.swift; path = ViewController.swift; sourceTree = "<group>"; };
		OBJ_10 /* DataExporter.swift */ = {isa = PBXFileReference; lastKnownFileType = sourcecode.swift; path = DataExporter.swift; sourceTree = "<group>"; };
		OBJ_11 /* EmailExporter.swift */ = {isa = PBXFileReference; lastKnownFileType = sourcecode.swift; path = EmailExporter.swift; sourceTree = "<group>"; };
		OBJ_12 /* ExportMethod.swift */ = {isa = PBXFileReference; lastKnownFileType = sourcecode.swift; path = ExportMethod.swift; sourceTree = "<group>"; };
		OBJ_13 /* ExportResult.swift */ = {isa = PBXFileReference; lastKnownFileType = sourcecode.swift; path = ExportResult.swift; sourceTree = "<group>"; };
		OBJ_14 /* ExportState.swift */ = {isa = PBXFileReference; lastKnownFileType = sourcecode.swift; path = ExportState.swift; sourceTree = "<group>"; };
		OBJ_15 /* Exporter.swift */ = {isa = PBXFileReference; lastKnownFileType = sourcecode.swift; path = Exporter.swift; sourceTree = "<group>"; };
		OBJ_155 /* Fastlane */ = {isa = PBXFileReference; lastKnownFileType = folder; path = Fastlane; sourceTree = SOURCE_ROOT; };
		OBJ_157 /* LICENSE */ = {isa = PBXFileReference; lastKnownFileType = text; path = LICENSE; sourceTree = "<group>"; };
		OBJ_158 /* README.md */ = {isa = PBXFileReference; lastKnownFileType = net.daringfireball.markdown; path = README.md; sourceTree = "<group>"; };
		OBJ_159 /* RELEASE_NOTES.md */ = {isa = PBXFileReference; lastKnownFileType = net.daringfireball.markdown; path = RELEASE_NOTES.md; sourceTree = "<group>"; };
		OBJ_16 /* FileExporter.swift */ = {isa = PBXFileReference; lastKnownFileType = sourcecode.swift; path = FileExporter.swift; sourceTree = "<group>"; };
		OBJ_160 /* Vandelay.podspec */ = {isa = PBXFileReference; lastKnownFileType = text; path = Vandelay.podspec; sourceTree = "<group>"; };
		OBJ_17 /* MessageExporter.swift */ = {isa = PBXFileReference; lastKnownFileType = sourcecode.swift; path = MessageExporter.swift; sourceTree = "<group>"; };
		OBJ_18 /* PasteboardExporter.swift */ = {isa = PBXFileReference; lastKnownFileType = sourcecode.swift; path = PasteboardExporter.swift; sourceTree = "<group>"; };
		OBJ_19 /* StringExporter.swift */ = {isa = PBXFileReference; lastKnownFileType = sourcecode.swift; path = StringExporter.swift; sourceTree = "<group>"; };
		OBJ_21 /* FileNameGenerator.swift */ = {isa = PBXFileReference; lastKnownFileType = sourcecode.swift; path = FileNameGenerator.swift; sourceTree = "<group>"; };
		OBJ_22 /* RandomFileNameGenerator.swift */ = {isa = PBXFileReference; lastKnownFileType = sourcecode.swift; path = RandomFileNameGenerator.swift; sourceTree = "<group>"; };
		OBJ_23 /* StaticFileNameGenerator.swift */ = {isa = PBXFileReference; lastKnownFileType = sourcecode.swift; path = StaticFileNameGenerator.swift; sourceTree = "<group>"; };
		OBJ_25 /* DataImporter.swift */ = {isa = PBXFileReference; lastKnownFileType = sourcecode.swift; path = DataImporter.swift; sourceTree = "<group>"; };
		OBJ_26 /* FileImporter.swift */ = {isa = PBXFileReference; lastKnownFileType = sourcecode.swift; path = FileImporter.swift; sourceTree = "<group>"; };
		OBJ_27 /* ImportMethod.swift */ = {isa = PBXFileReference; lastKnownFileType = sourcecode.swift; path = ImportMethod.swift; sourceTree = "<group>"; };
		OBJ_28 /* ImportResult.swift */ = {isa = PBXFileReference; lastKnownFileType = sourcecode.swift; path = ImportResult.swift; sourceTree = "<group>"; };
		OBJ_29 /* ImportState.swift */ = {isa = PBXFileReference; lastKnownFileType = sourcecode.swift; path = ImportState.swift; sourceTree = "<group>"; };
		OBJ_30 /* Importer.swift */ = {isa = PBXFileReference; lastKnownFileType = sourcecode.swift; path = Importer.swift; sourceTree = "<group>"; };
		OBJ_31 /* PasteboardImporter.swift */ = {isa = PBXFileReference; lastKnownFileType = sourcecode.swift; path = PasteboardImporter.swift; sourceTree = "<group>"; };
		OBJ_32 /* StringImporter.swift */ = {isa = PBXFileReference; lastKnownFileType = sourcecode.swift; path = StringImporter.swift; sourceTree = "<group>"; };
		OBJ_33 /* UrlImporter.swift */ = {isa = PBXFileReference; lastKnownFileType = sourcecode.swift; path = UrlImporter.swift; sourceTree = "<group>"; };
		OBJ_37 /* DataExporterTests.swift */ = {isa = PBXFileReference; lastKnownFileType = sourcecode.swift; path = DataExporterTests.swift; sourceTree = "<group>"; };
		OBJ_38 /* EmailExporterTests.swift */ = {isa = PBXFileReference; lastKnownFileType = sourcecode.swift; path = EmailExporterTests.swift; sourceTree = "<group>"; };
		OBJ_39 /* ExporterTests.swift */ = {isa = PBXFileReference; lastKnownFileType = sourcecode.swift; path = ExporterTests.swift; sourceTree = "<group>"; };
		OBJ_40 /* FileExporterTests.swift */ = {isa = PBXFileReference; lastKnownFileType = sourcecode.swift; path = FileExporterTests.swift; sourceTree = "<group>"; };
		OBJ_41 /* MessageExporterTests.swift */ = {isa = PBXFileReference; lastKnownFileType = sourcecode.swift; path = MessageExporterTests.swift; sourceTree = "<group>"; };
		OBJ_42 /* PasteboardExporterTests.swift */ = {isa = PBXFileReference; lastKnownFileType = sourcecode.swift; path = PasteboardExporterTests.swift; sourceTree = "<group>"; };
		OBJ_43 /* StringExporterTests.swift */ = {isa = PBXFileReference; lastKnownFileType = sourcecode.swift; path = StringExporterTests.swift; sourceTree = "<group>"; };
		OBJ_45 /* RandomFileNameGenerator.swift */ = {isa = PBXFileReference; lastKnownFileType = sourcecode.swift; path = RandomFileNameGenerator.swift; sourceTree = "<group>"; };
		OBJ_46 /* StaticFileNameGeneratorTests.swift */ = {isa = PBXFileReference; lastKnownFileType = sourcecode.swift; path = StaticFileNameGeneratorTests.swift; sourceTree = "<group>"; };
		OBJ_48 /* FileImporterTests.swift */ = {isa = PBXFileReference; lastKnownFileType = sourcecode.swift; path = FileImporterTests.swift; sourceTree = "<group>"; };
		OBJ_49 /* PasteboardImporterTests.swift */ = {isa = PBXFileReference; lastKnownFileType = sourcecode.swift; path = PasteboardImporterTests.swift; sourceTree = "<group>"; };
		OBJ_50 /* UrlImporterTests.swift */ = {isa = PBXFileReference; lastKnownFileType = sourcecode.swift; path = UrlImporterTests.swift; sourceTree = "<group>"; };
		OBJ_52 /* MockDataExporter.swift */ = {isa = PBXFileReference; lastKnownFileType = sourcecode.swift; path = MockDataExporter.swift; sourceTree = "<group>"; };
		OBJ_53 /* MockDataImporter.swift */ = {isa = PBXFileReference; lastKnownFileType = sourcecode.swift; path = MockDataImporter.swift; sourceTree = "<group>"; };
		OBJ_54 /* XCTestManifests.swift */ = {isa = PBXFileReference; lastKnownFileType = sourcecode.swift; path = XCTestManifests.swift; sourceTree = "<group>"; };
		OBJ_6 /* Package.swift */ = {isa = PBXFileReference; explicitFileType = sourcecode.swift; path = Package.swift; sourceTree = "<group>"; };
		"Vandelay::Vandelay::Product" /* Vandelay.framework */ = {isa = PBXFileReference; explicitFileType = wrapper.framework; path = Vandelay.framework; sourceTree = BUILT_PRODUCTS_DIR; };
		"Vandelay::VandelayTests::Product" /* VandelayTests.xctest */ = {isa = PBXFileReference; explicitFileType = wrapper.cfbundle; path = VandelayTests.xctest; sourceTree = BUILT_PRODUCTS_DIR; };
/* End PBXFileReference section */

/* Begin PBXFrameworksBuildPhase section */
		84DAED6D234B2233003F3CD8 /* Frameworks */ = {
			isa = PBXFrameworksBuildPhase;
			buildActionMask = 2147483647;
			files = (
				84DAED9C234B2A5F003F3CD8 /* Vandelay.framework in Frameworks */,
			);
			runOnlyForDeploymentPostprocessing = 0;
		};
		OBJ_298 /* Frameworks */ = {
			isa = PBXFrameworksBuildPhase;
			buildActionMask = 0;
			files = (
			);
			runOnlyForDeploymentPostprocessing = 0;
		};
		OBJ_330 /* Frameworks */ = {
			isa = PBXFrameworksBuildPhase;
			buildActionMask = 0;
			files = (
				A963E2BF24A9D76100665C6B /* Quick in Frameworks */,
				A963E2C224A9D77900665C6B /* Mockery in Frameworks */,
				OBJ_334 /* Vandelay.framework in Frameworks */,
				A963E2BD24A9D74F00665C6B /* Nimble in Frameworks */,
			);
			runOnlyForDeploymentPostprocessing = 0;
		};
/* End PBXFrameworksBuildPhase section */

/* Begin PBXGroup section */
		847225C8234B08AB00283684 /* Project Files */ = {
			isa = PBXGroup;
			children = (
				847225C9234B08C500283684 /* .gitignore */,
				847225CA234B08C500283684 /* .swiftlint.yml */,
				OBJ_157 /* LICENSE */,
				OBJ_158 /* README.md */,
				OBJ_159 /* RELEASE_NOTES.md */,
				OBJ_160 /* Vandelay.podspec */,
			);
			name = "Project Files";
			sourceTree = "<group>";
		};
		84AF3E25234CFEE0004E0297 /* Extensions */ = {
			isa = PBXGroup;
			children = (
				84AF3E26234CFF00004E0297 /* ImportResult+AlertMessage.swift */,
				84AF3E28234CFF24004E0297 /* ExportResult+AlertMessage.swift */,
			);
			path = Extensions;
			sourceTree = "<group>";
		};
		84DAED71234B2233003F3CD8 /* VandelayDemo */ = {
			isa = PBXGroup;
			children = (
				84DAED7B234B2235003F3CD8 /* Assets.xcassets */,
				84AF3E25234CFEE0004E0297 /* Extensions */,
				84DAED89234B2929003F3CD8 /* Photos */,
				84DAED85234B2929003F3CD8 /* Todo */,
				84DAED84234B2715003F3CD8 /* Supporting Files */,
				84DAED72234B2233003F3CD8 /* AppDelegate.swift */,
				84DAED74234B2233003F3CD8 /* SceneDelegate.swift */,
				84AF3E2C234D279A004E0297 /* IncomingFileHandler.swift */,
				84DAEDA1234B2B54003F3CD8 /* ViewController.swift */,
				84AF3E2A234D1233004E0297 /* ViewController+Alert.swift */,
				84DAED97234B2A46003F3CD8 /* ViewController+Export.swift */,
				84DAED98234B2A46003F3CD8 /* ViewController+Import.swift */,
			);
			path = VandelayDemo;
			sourceTree = "<group>";
		};
		84DAED84234B2715003F3CD8 /* Supporting Files */ = {
			isa = PBXGroup;
			children = (
				84DAED80234B2235003F3CD8 /* Info.plist */,
				84DAED7D234B2235003F3CD8 /* LaunchScreen.storyboard */,
				84DAED78234B2233003F3CD8 /* Main.storyboard */,
			);
			name = "Supporting Files";
			sourceTree = "<group>";
		};
		84DAED85234B2929003F3CD8 /* Todo */ = {
			isa = PBXGroup;
			children = (
				84DAED86234B2929003F3CD8 /* TodoItem.swift */,
				84DAED87234B2929003F3CD8 /* TodoItemViewController.swift */,
				84DAED88234B2929003F3CD8 /* TodoItemRepository.swift */,
			);
			path = Todo;
			sourceTree = "<group>";
		};
		84DAED89234B2929003F3CD8 /* Photos */ = {
			isa = PBXGroup;
			children = (
				84DAED8A234B2929003F3CD8 /* UIImage+Resize.swift */,
				84DAED8B234B2929003F3CD8 /* PhotoRepository.swift */,
				84DAED8C234B2929003F3CD8 /* Photo.swift */,
				84DAED8D234B2929003F3CD8 /* PhotoViewController.swift */,
				84DAED8E234B2929003F3CD8 /* PhotoCollectionViewCell.swift */,
			);
			path = Photos;
			sourceTree = "<group>";
		};
		84DAED9B234B2A5F003F3CD8 /* Frameworks */ = {
			isa = PBXGroup;
			children = (
			);
			name = Frameworks;
			sourceTree = "<group>";
		};
		OBJ_148 /* Products */ = {
			isa = PBXGroup;
			children = (
				"Vandelay::Vandelay::Product" /* Vandelay.framework */,
				"Vandelay::VandelayTests::Product" /* VandelayTests.xctest */,
				84DAED70234B2233003F3CD8 /* VandelayDemo.app */,
			);
			name = Products;
			sourceTree = BUILT_PRODUCTS_DIR;
		};
		OBJ_20 /* File */ = {
			isa = PBXGroup;
			children = (
				OBJ_21 /* FileNameGenerator.swift */,
				OBJ_22 /* RandomFileNameGenerator.swift */,
				OBJ_23 /* StaticFileNameGenerator.swift */,
			);
			path = File;
			sourceTree = "<group>";
		};
		OBJ_24 /* Importers */ = {
			isa = PBXGroup;
			children = (
				OBJ_26 /* FileImporter.swift */,
				OBJ_27 /* ImportMethod.swift */,
				OBJ_31 /* PasteboardImporter.swift */,
				OBJ_33 /* UrlImporter.swift */,
			);
			path = Importers;
			sourceTree = "<group>";
		};
		OBJ_34 /* Tests */ = {
			isa = PBXGroup;
			children = (
				OBJ_35 /* VandelayTests */,
			);
			name = Tests;
			sourceTree = SOURCE_ROOT;
		};
		OBJ_35 /* VandelayTests */ = {
			isa = PBXGroup;
			children = (
				OBJ_36 /* Exporters */,
				OBJ_44 /* File */,
				OBJ_47 /* Importers */,
				OBJ_51 /* Mocks */,
				OBJ_37 /* DataExporterTests.swift */,
				OBJ_43 /* StringExporterTests.swift */,
				OBJ_54 /* XCTestManifests.swift */,
			);
			name = VandelayTests;
			path = Tests/VandelayTests;
			sourceTree = SOURCE_ROOT;
		};
		OBJ_36 /* Exporters */ = {
			isa = PBXGroup;
			children = (
				OBJ_38 /* EmailExporterTests.swift */,
				OBJ_39 /* ExporterTests.swift */,
				OBJ_40 /* FileExporterTests.swift */,
				OBJ_41 /* MessageExporterTests.swift */,
				OBJ_42 /* PasteboardExporterTests.swift */,
			);
			path = Exporters;
			sourceTree = "<group>";
		};
		OBJ_44 /* File */ = {
			isa = PBXGroup;
			children = (
				OBJ_45 /* RandomFileNameGenerator.swift */,
				OBJ_46 /* StaticFileNameGeneratorTests.swift */,
			);
			path = File;
			sourceTree = "<group>";
		};
		OBJ_47 /* Importers */ = {
			isa = PBXGroup;
			children = (
				OBJ_48 /* FileImporterTests.swift */,
				OBJ_49 /* PasteboardImporterTests.swift */,
				OBJ_50 /* UrlImporterTests.swift */,
			);
			path = Importers;
			sourceTree = "<group>";
		};
		OBJ_5 = {
			isa = PBXGroup;
			children = (
				OBJ_6 /* Package.swift */,
				OBJ_7 /* Sources */,
				OBJ_34 /* Tests */,
				84DAED71234B2233003F3CD8 /* VandelayDemo */,
				OBJ_148 /* Products */,
				OBJ_155 /* Fastlane */,
				84AF3E3C234D472F004E0297 /* Resources */,
				847225C8234B08AB00283684 /* Project Files */,
				84DAED9B234B2A5F003F3CD8 /* Frameworks */,
			);
			sourceTree = "<group>";
		};
		OBJ_51 /* Mocks */ = {
			isa = PBXGroup;
			children = (
				OBJ_52 /* MockDataExporter.swift */,
				OBJ_53 /* MockDataImporter.swift */,
			);
			path = Mocks;
			sourceTree = "<group>";
		};
		OBJ_7 /* Sources */ = {
			isa = PBXGroup;
			children = (
				OBJ_8 /* Vandelay */,
			);
			name = Sources;
			sourceTree = SOURCE_ROOT;
		};
		OBJ_8 /* Vandelay */ = {
			isa = PBXGroup;
			children = (
				OBJ_9 /* Exporters */,
				OBJ_20 /* File */,
				OBJ_24 /* Importers */,
				OBJ_15 /* Exporter.swift */,
				OBJ_14 /* ExportState.swift */,
				OBJ_13 /* ExportResult.swift */,
				OBJ_30 /* Importer.swift */,
				OBJ_29 /* ImportState.swift */,
				OBJ_28 /* ImportResult.swift */,
				OBJ_10 /* DataExporter.swift */,
				OBJ_25 /* DataImporter.swift */,
				OBJ_19 /* StringExporter.swift */,
				OBJ_32 /* StringImporter.swift */,
			);
			name = Vandelay;
			path = Sources/Vandelay;
			sourceTree = SOURCE_ROOT;
		};
		OBJ_9 /* Exporters */ = {
			isa = PBXGroup;
			children = (
				OBJ_11 /* EmailExporter.swift */,
				OBJ_12 /* ExportMethod.swift */,
				OBJ_16 /* FileExporter.swift */,
				OBJ_17 /* MessageExporter.swift */,
				OBJ_18 /* PasteboardExporter.swift */,
			);
			path = Exporters;
			sourceTree = "<group>";
		};
/* End PBXGroup section */

/* Begin PBXNativeTarget section */
		84DAED6F234B2233003F3CD8 /* VandelayDemo */ = {
			isa = PBXNativeTarget;
			buildConfigurationList = 84DAED83234B2235003F3CD8 /* Build configuration list for PBXNativeTarget "VandelayDemo" */;
			buildPhases = (
				84DAED6C234B2233003F3CD8 /* Sources */,
				84DAED6D234B2233003F3CD8 /* Frameworks */,
				84DAED6E234B2233003F3CD8 /* Resources */,
				84DAEDA0234B2A5F003F3CD8 /* Embed Frameworks */,
			);
			buildRules = (
			);
			dependencies = (
				84DAED9F234B2A5F003F3CD8 /* PBXTargetDependency */,
			);
			name = VandelayDemo;
			productName = VandelayDemo;
			productReference = 84DAED70234B2233003F3CD8 /* VandelayDemo.app */;
			productType = "com.apple.product-type.application";
		};
		"Vandelay::SwiftPMPackageDescription" /* VandelayPackageDescription */ = {
			isa = PBXNativeTarget;
			buildConfigurationList = OBJ_300 /* Build configuration list for PBXNativeTarget "VandelayPackageDescription" */;
			buildPhases = (
				OBJ_303 /* Sources */,
			);
			buildRules = (
			);
			dependencies = (
			);
			name = VandelayPackageDescription;
			productName = VandelayPackageDescription;
			productType = "com.apple.product-type.framework";
		};
		"Vandelay::Vandelay" /* Vandelay */ = {
			isa = PBXNativeTarget;
			buildConfigurationList = OBJ_272 /* Build configuration list for PBXNativeTarget "Vandelay" */;
			buildPhases = (
				847225E3234B09BB00283684 /* SwiftLint */,
				OBJ_275 /* Sources */,
				OBJ_298 /* Frameworks */,
			);
			buildRules = (
			);
			dependencies = (
			);
			name = Vandelay;
			packageProductDependencies = (
			);
			productName = Vandelay;
			productReference = "Vandelay::Vandelay::Product" /* Vandelay.framework */;
			productType = "com.apple.product-type.framework";
		};
		"Vandelay::VandelayTests" /* VandelayTests */ = {
			isa = PBXNativeTarget;
			buildConfigurationList = OBJ_311 /* Build configuration list for PBXNativeTarget "VandelayTests" */;
			buildPhases = (
				OBJ_314 /* Sources */,
				OBJ_330 /* Frameworks */,
			);
			buildRules = (
			);
			dependencies = (
				OBJ_338 /* PBXTargetDependency */,
			);
			name = VandelayTests;
			packageProductDependencies = (
				A963E2BC24A9D74F00665C6B /* Nimble */,
				A963E2BE24A9D76100665C6B /* Quick */,
				A963E2C124A9D77900665C6B /* Mockery */,
			);
			productName = VandelayTests;
			productReference = "Vandelay::VandelayTests::Product" /* VandelayTests.xctest */;
			productType = "com.apple.product-type.bundle.unit-test";
		};
/* End PBXNativeTarget section */

/* Begin PBXProject section */
		OBJ_1 /* Project object */ = {
			isa = PBXProject;
			attributes = {
				LastSwiftMigration = 9999;
				LastSwiftUpdateCheck = 1100;
				LastUpgradeCheck = 9999;
				TargetAttributes = {
					84DAED6F234B2233003F3CD8 = {
						CreatedOnToolsVersion = 11.0;
						DevelopmentTeam = PMEDFW438U;
						ProvisioningStyle = Automatic;
					};
				};
			};
			buildConfigurationList = OBJ_2 /* Build configuration list for PBXProject "Vandelay" */;
			compatibilityVersion = "Xcode 3.2";
			developmentRegion = en;
			hasScannedForEncodings = 0;
			knownRegions = (
				en,
				Base,
			);
			mainGroup = OBJ_5;
			packageReferences = (
				A963E2B824A9D73400665C6B /* XCRemoteSwiftPackageReference "Quick" */,
				A963E2BB24A9D74F00665C6B /* XCRemoteSwiftPackageReference "Nimble" */,
				A963E2C024A9D77900665C6B /* XCRemoteSwiftPackageReference "Mockery" */,
			);
			productRefGroup = OBJ_148 /* Products */;
			projectDirPath = "";
			projectRoot = "";
			targets = (
				"Vandelay::Vandelay" /* Vandelay */,
				"Vandelay::SwiftPMPackageDescription" /* VandelayPackageDescription */,
				"Vandelay::VandelayPackageTests::ProductTarget" /* VandelayPackageTests */,
				"Vandelay::VandelayTests" /* VandelayTests */,
				84DAED6F234B2233003F3CD8 /* VandelayDemo */,
			);
		};
/* End PBXProject section */

/* Begin PBXResourcesBuildPhase section */
		84DAED6E234B2233003F3CD8 /* Resources */ = {
			isa = PBXResourcesBuildPhase;
			buildActionMask = 2147483647;
			files = (
				84DAED7F234B2235003F3CD8 /* LaunchScreen.storyboard in Resources */,
				84DAED7C234B2235003F3CD8 /* Assets.xcassets in Resources */,
				84DAED7A234B2233003F3CD8 /* Main.storyboard in Resources */,
			);
			runOnlyForDeploymentPostprocessing = 0;
		};
/* End PBXResourcesBuildPhase section */

/* Begin PBXShellScriptBuildPhase section */
		847225E3234B09BB00283684 /* SwiftLint */ = {
			isa = PBXShellScriptBuildPhase;
			buildActionMask = 2147483647;
			files = (
			);
			inputFileListPaths = (
			);
			inputPaths = (
			);
			name = SwiftLint;
			outputFileListPaths = (
			);
			outputPaths = (
			);
			runOnlyForDeploymentPostprocessing = 0;
			shellPath = /bin/sh;
			shellScript = "if which swiftlint >/dev/null; then\n  swiftlint\nelse\n  echo \"warning: SwiftLint not installed, download from https://github.com/realm/SwiftLint\"\nfi\n";
		};
/* End PBXShellScriptBuildPhase section */

/* Begin PBXSourcesBuildPhase section */
		84DAED6C234B2233003F3CD8 /* Sources */ = {
			isa = PBXSourcesBuildPhase;
			buildActionMask = 2147483647;
			files = (
				84DAED9A234B2A47003F3CD8 /* ViewController+Import.swift in Sources */,
				84AF3E2D234D279A004E0297 /* IncomingFileHandler.swift in Sources */,
				84DAED92234B2929003F3CD8 /* UIImage+Resize.swift in Sources */,
				84AF3E27234CFF00004E0297 /* ImportResult+AlertMessage.swift in Sources */,
				84DAED93234B2929003F3CD8 /* PhotoRepository.swift in Sources */,
				84DAED94234B2929003F3CD8 /* Photo.swift in Sources */,
				84DAED90234B2929003F3CD8 /* TodoItemViewController.swift in Sources */,
				84DAED91234B2929003F3CD8 /* TodoItemRepository.swift in Sources */,
				84AF3E2B234D1233004E0297 /* ViewController+Alert.swift in Sources */,
				84DAED73234B2233003F3CD8 /* AppDelegate.swift in Sources */,
				84DAED8F234B2929003F3CD8 /* TodoItem.swift in Sources */,
				84DAEDA2234B2B54003F3CD8 /* ViewController.swift in Sources */,
				84AF3E29234CFF24004E0297 /* ExportResult+AlertMessage.swift in Sources */,
				84DAED75234B2233003F3CD8 /* SceneDelegate.swift in Sources */,
				84DAED96234B2929003F3CD8 /* PhotoCollectionViewCell.swift in Sources */,
				84DAED99234B2A47003F3CD8 /* ViewController+Export.swift in Sources */,
				84DAED95234B2929003F3CD8 /* PhotoViewController.swift in Sources */,
			);
			runOnlyForDeploymentPostprocessing = 0;
		};
		OBJ_275 /* Sources */ = {
			isa = PBXSourcesBuildPhase;
			buildActionMask = 0;
			files = (
				OBJ_276 /* DataExporter.swift in Sources */,
				OBJ_277 /* EmailExporter.swift in Sources */,
				OBJ_278 /* ExportMethod.swift in Sources */,
				OBJ_279 /* ExportResult.swift in Sources */,
				OBJ_280 /* ExportState.swift in Sources */,
				OBJ_281 /* Exporter.swift in Sources */,
				OBJ_282 /* FileExporter.swift in Sources */,
				OBJ_283 /* MessageExporter.swift in Sources */,
				OBJ_284 /* PasteboardExporter.swift in Sources */,
				OBJ_285 /* StringExporter.swift in Sources */,
				OBJ_286 /* FileNameGenerator.swift in Sources */,
				OBJ_287 /* RandomFileNameGenerator.swift in Sources */,
				OBJ_288 /* StaticFileNameGenerator.swift in Sources */,
				OBJ_289 /* DataImporter.swift in Sources */,
				OBJ_290 /* FileImporter.swift in Sources */,
				OBJ_291 /* ImportMethod.swift in Sources */,
				OBJ_292 /* ImportResult.swift in Sources */,
				OBJ_293 /* ImportState.swift in Sources */,
				OBJ_294 /* Importer.swift in Sources */,
				OBJ_295 /* PasteboardImporter.swift in Sources */,
				OBJ_296 /* StringImporter.swift in Sources */,
				OBJ_297 /* UrlImporter.swift in Sources */,
			);
			runOnlyForDeploymentPostprocessing = 0;
		};
		OBJ_303 /* Sources */ = {
			isa = PBXSourcesBuildPhase;
			buildActionMask = 0;
			files = (
				OBJ_304 /* Package.swift in Sources */,
			);
			runOnlyForDeploymentPostprocessing = 0;
		};
		OBJ_314 /* Sources */ = {
			isa = PBXSourcesBuildPhase;
			buildActionMask = 0;
			files = (
				OBJ_315 /* DataExporterTests.swift in Sources */,
				OBJ_316 /* EmailExporterTests.swift in Sources */,
				OBJ_317 /* ExporterTests.swift in Sources */,
				OBJ_318 /* FileExporterTests.swift in Sources */,
				OBJ_319 /* MessageExporterTests.swift in Sources */,
				OBJ_320 /* PasteboardExporterTests.swift in Sources */,
				OBJ_321 /* StringExporterTests.swift in Sources */,
				OBJ_322 /* RandomFileNameGenerator.swift in Sources */,
				OBJ_323 /* StaticFileNameGeneratorTests.swift in Sources */,
				OBJ_324 /* FileImporterTests.swift in Sources */,
				OBJ_325 /* PasteboardImporterTests.swift in Sources */,
				OBJ_326 /* UrlImporterTests.swift in Sources */,
				OBJ_327 /* MockDataExporter.swift in Sources */,
				OBJ_328 /* MockDataImporter.swift in Sources */,
				OBJ_329 /* XCTestManifests.swift in Sources */,
			);
			runOnlyForDeploymentPostprocessing = 0;
		};
/* End PBXSourcesBuildPhase section */

/* Begin PBXTargetDependency section */
		84DAED9F234B2A5F003F3CD8 /* PBXTargetDependency */ = {
			isa = PBXTargetDependency;
			target = "Vandelay::Vandelay" /* Vandelay */;
			targetProxy = 84DAED9E234B2A5F003F3CD8 /* PBXContainerItemProxy */;
		};
		OBJ_309 /* PBXTargetDependency */ = {
			isa = PBXTargetDependency;
			target = "Vandelay::VandelayTests" /* VandelayTests */;
			targetProxy = 847225C7234B080C00283684 /* PBXContainerItemProxy */;
		};
		OBJ_338 /* PBXTargetDependency */ = {
			isa = PBXTargetDependency;
			target = "Vandelay::Vandelay" /* Vandelay */;
			targetProxy = 847225C6234B080B00283684 /* PBXContainerItemProxy */;
		};
/* End PBXTargetDependency section */

/* Begin PBXVariantGroup section */
		84DAED78234B2233003F3CD8 /* Main.storyboard */ = {
			isa = PBXVariantGroup;
			children = (
				84DAED79234B2233003F3CD8 /* Base */,
			);
			name = Main.storyboard;
			sourceTree = "<group>";
		};
		84DAED7D234B2235003F3CD8 /* LaunchScreen.storyboard */ = {
			isa = PBXVariantGroup;
			children = (
				84DAED7E234B2235003F3CD8 /* Base */,
			);
			name = LaunchScreen.storyboard;
			sourceTree = "<group>";
		};
/* End PBXVariantGroup section */

/* Begin XCBuildConfiguration section */
		84DAED81234B2235003F3CD8 /* Debug */ = {
			isa = XCBuildConfiguration;
			buildSettings = {
				ALWAYS_SEARCH_USER_PATHS = NO;
				ASSETCATALOG_COMPILER_APPICON_NAME = AppIcon;
				CLANG_ANALYZER_NONNULL = YES;
				CLANG_ANALYZER_NUMBER_OBJECT_CONVERSION = YES_AGGRESSIVE;
				CLANG_CXX_LANGUAGE_STANDARD = "gnu++14";
				CLANG_CXX_LIBRARY = "libc++";
				CLANG_ENABLE_MODULES = YES;
				CLANG_ENABLE_OBJC_WEAK = YES;
				CLANG_WARN_BLOCK_CAPTURE_AUTORELEASING = YES;
				CLANG_WARN_BOOL_CONVERSION = YES;
				CLANG_WARN_COMMA = YES;
				CLANG_WARN_CONSTANT_CONVERSION = YES;
				CLANG_WARN_DEPRECATED_OBJC_IMPLEMENTATIONS = YES;
				CLANG_WARN_DIRECT_OBJC_ISA_USAGE = YES_ERROR;
				CLANG_WARN_DOCUMENTATION_COMMENTS = YES;
				CLANG_WARN_EMPTY_BODY = YES;
				CLANG_WARN_ENUM_CONVERSION = YES;
				CLANG_WARN_INFINITE_RECURSION = YES;
				CLANG_WARN_INT_CONVERSION = YES;
				CLANG_WARN_NON_LITERAL_NULL_CONVERSION = YES;
				CLANG_WARN_OBJC_IMPLICIT_RETAIN_SELF = YES;
				CLANG_WARN_OBJC_LITERAL_CONVERSION = YES;
				CLANG_WARN_OBJC_ROOT_CLASS = YES_ERROR;
				CLANG_WARN_RANGE_LOOP_ANALYSIS = YES;
				CLANG_WARN_STRICT_PROTOTYPES = YES;
				CLANG_WARN_SUSPICIOUS_MOVE = YES;
				CLANG_WARN_UNGUARDED_AVAILABILITY = YES_AGGRESSIVE;
				CLANG_WARN_UNREACHABLE_CODE = YES;
				CLANG_WARN__DUPLICATE_METHOD_MATCH = YES;
				CODE_SIGN_STYLE = Automatic;
				DEVELOPMENT_TEAM = PMEDFW438U;
				ENABLE_STRICT_OBJC_MSGSEND = YES;
				ENABLE_TESTABILITY = YES;
				GCC_C_LANGUAGE_STANDARD = gnu11;
				GCC_DYNAMIC_NO_PIC = NO;
				GCC_NO_COMMON_BLOCKS = YES;
				GCC_PREPROCESSOR_DEFINITIONS = (
					"DEBUG=1",
					"$(inherited)",
				);
				GCC_WARN_64_TO_32_BIT_CONVERSION = YES;
				GCC_WARN_ABOUT_RETURN_TYPE = YES_ERROR;
				GCC_WARN_UNDECLARED_SELECTOR = YES;
				GCC_WARN_UNINITIALIZED_AUTOS = YES_AGGRESSIVE;
				GCC_WARN_UNUSED_FUNCTION = YES;
				GCC_WARN_UNUSED_VARIABLE = YES;
				INFOPLIST_FILE = VandelayDemo/Info.plist;
				IPHONEOS_DEPLOYMENT_TARGET = 11.0;
				LD_RUNPATH_SEARCH_PATHS = (
					"$(inherited)",
					"@executable_path/Frameworks",
				);
				MTL_ENABLE_DEBUG_INFO = INCLUDE_SOURCE;
				MTL_FAST_MATH = YES;
				PRODUCT_BUNDLE_IDENTIFIER = com.danielsaidi.VandelayDemo;
				PRODUCT_NAME = "$(TARGET_NAME)";
				SWIFT_ACTIVE_COMPILATION_CONDITIONS = DEBUG;
				SWIFT_VERSION = 5.0;
				TARGETED_DEVICE_FAMILY = "1,2";
			};
			name = Debug;
		};
		84DAED82234B2235003F3CD8 /* Release */ = {
			isa = XCBuildConfiguration;
			buildSettings = {
				ALWAYS_SEARCH_USER_PATHS = NO;
				ASSETCATALOG_COMPILER_APPICON_NAME = AppIcon;
				CLANG_ANALYZER_NONNULL = YES;
				CLANG_ANALYZER_NUMBER_OBJECT_CONVERSION = YES_AGGRESSIVE;
				CLANG_CXX_LANGUAGE_STANDARD = "gnu++14";
				CLANG_CXX_LIBRARY = "libc++";
				CLANG_ENABLE_MODULES = YES;
				CLANG_ENABLE_OBJC_WEAK = YES;
				CLANG_WARN_BLOCK_CAPTURE_AUTORELEASING = YES;
				CLANG_WARN_BOOL_CONVERSION = YES;
				CLANG_WARN_COMMA = YES;
				CLANG_WARN_CONSTANT_CONVERSION = YES;
				CLANG_WARN_DEPRECATED_OBJC_IMPLEMENTATIONS = YES;
				CLANG_WARN_DIRECT_OBJC_ISA_USAGE = YES_ERROR;
				CLANG_WARN_DOCUMENTATION_COMMENTS = YES;
				CLANG_WARN_EMPTY_BODY = YES;
				CLANG_WARN_ENUM_CONVERSION = YES;
				CLANG_WARN_INFINITE_RECURSION = YES;
				CLANG_WARN_INT_CONVERSION = YES;
				CLANG_WARN_NON_LITERAL_NULL_CONVERSION = YES;
				CLANG_WARN_OBJC_IMPLICIT_RETAIN_SELF = YES;
				CLANG_WARN_OBJC_LITERAL_CONVERSION = YES;
				CLANG_WARN_OBJC_ROOT_CLASS = YES_ERROR;
				CLANG_WARN_RANGE_LOOP_ANALYSIS = YES;
				CLANG_WARN_STRICT_PROTOTYPES = YES;
				CLANG_WARN_SUSPICIOUS_MOVE = YES;
				CLANG_WARN_UNGUARDED_AVAILABILITY = YES_AGGRESSIVE;
				CLANG_WARN_UNREACHABLE_CODE = YES;
				CLANG_WARN__DUPLICATE_METHOD_MATCH = YES;
				CODE_SIGN_STYLE = Automatic;
				COPY_PHASE_STRIP = NO;
				DEVELOPMENT_TEAM = PMEDFW438U;
				ENABLE_NS_ASSERTIONS = NO;
				ENABLE_STRICT_OBJC_MSGSEND = YES;
				GCC_C_LANGUAGE_STANDARD = gnu11;
				GCC_NO_COMMON_BLOCKS = YES;
				GCC_WARN_64_TO_32_BIT_CONVERSION = YES;
				GCC_WARN_ABOUT_RETURN_TYPE = YES_ERROR;
				GCC_WARN_UNDECLARED_SELECTOR = YES;
				GCC_WARN_UNINITIALIZED_AUTOS = YES_AGGRESSIVE;
				GCC_WARN_UNUSED_FUNCTION = YES;
				GCC_WARN_UNUSED_VARIABLE = YES;
				INFOPLIST_FILE = VandelayDemo/Info.plist;
				IPHONEOS_DEPLOYMENT_TARGET = 11.0;
				LD_RUNPATH_SEARCH_PATHS = (
					"$(inherited)",
					"@executable_path/Frameworks",
				);
				MTL_ENABLE_DEBUG_INFO = NO;
				MTL_FAST_MATH = YES;
				PRODUCT_BUNDLE_IDENTIFIER = com.danielsaidi.VandelayDemo;
				PRODUCT_NAME = "$(TARGET_NAME)";
				SWIFT_VERSION = 5.0;
				TARGETED_DEVICE_FAMILY = "1,2";
				VALIDATE_PRODUCT = YES;
			};
			name = Release;
		};
		OBJ_273 /* Debug */ = {
			isa = XCBuildConfiguration;
			buildSettings = {
				ENABLE_TESTABILITY = YES;
				FRAMEWORK_SEARCH_PATHS = (
					"$(inherited)",
					"$(PLATFORM_DIR)/Developer/Library/Frameworks",
				);
				HEADER_SEARCH_PATHS = "$(inherited)";
				INFOPLIST_FILE = Vandelay.xcodeproj/Vandelay_Info.plist;
				IPHONEOS_DEPLOYMENT_TARGET = 11.0;
				LD_RUNPATH_SEARCH_PATHS = (
					"$(inherited)",
					"$(TOOLCHAIN_DIR)/usr/lib/swift/macosx",
				);
				OTHER_CFLAGS = "$(inherited)";
				OTHER_LDFLAGS = "$(inherited)";
				OTHER_SWIFT_FLAGS = "$(inherited)";
				PRODUCT_BUNDLE_IDENTIFIER = Vandelay;
				PRODUCT_MODULE_NAME = "$(TARGET_NAME:c99extidentifier)";
				PRODUCT_NAME = "$(TARGET_NAME:c99extidentifier)";
				SKIP_INSTALL = YES;
				SWIFT_ACTIVE_COMPILATION_CONDITIONS = "$(inherited)";
				SWIFT_VERSION = 5.0;
				TARGET_NAME = Vandelay;
			};
			name = Debug;
		};
		OBJ_274 /* Release */ = {
			isa = XCBuildConfiguration;
			buildSettings = {
				ENABLE_TESTABILITY = YES;
				FRAMEWORK_SEARCH_PATHS = (
					"$(inherited)",
					"$(PLATFORM_DIR)/Developer/Library/Frameworks",
				);
				HEADER_SEARCH_PATHS = "$(inherited)";
				INFOPLIST_FILE = Vandelay.xcodeproj/Vandelay_Info.plist;
				IPHONEOS_DEPLOYMENT_TARGET = 11.0;
				LD_RUNPATH_SEARCH_PATHS = (
					"$(inherited)",
					"$(TOOLCHAIN_DIR)/usr/lib/swift/macosx",
				);
				OTHER_CFLAGS = "$(inherited)";
				OTHER_LDFLAGS = "$(inherited)";
				OTHER_SWIFT_FLAGS = "$(inherited)";
				PRODUCT_BUNDLE_IDENTIFIER = Vandelay;
				PRODUCT_MODULE_NAME = "$(TARGET_NAME:c99extidentifier)";
				PRODUCT_NAME = "$(TARGET_NAME:c99extidentifier)";
				SKIP_INSTALL = YES;
				SWIFT_ACTIVE_COMPILATION_CONDITIONS = "$(inherited)";
				SWIFT_VERSION = 5.0;
				TARGET_NAME = Vandelay;
			};
			name = Release;
		};
		OBJ_3 /* Debug */ = {
			isa = XCBuildConfiguration;
			buildSettings = {
				CLANG_ENABLE_OBJC_ARC = YES;
				COMBINE_HIDPI_IMAGES = YES;
				COPY_PHASE_STRIP = NO;
				DEBUG_INFORMATION_FORMAT = dwarf;
				DYLIB_INSTALL_NAME_BASE = "@rpath";
				ENABLE_NS_ASSERTIONS = YES;
				GCC_OPTIMIZATION_LEVEL = 0;
				GCC_PREPROCESSOR_DEFINITIONS = (
					"$(inherited)",
					"SWIFT_PACKAGE=1",
					"DEBUG=1",
				);
				IPHONEOS_DEPLOYMENT_TARGET = 11.0;
				MACOSX_DEPLOYMENT_TARGET = 10.10;
				ONLY_ACTIVE_ARCH = YES;
				OTHER_SWIFT_FLAGS = "$(inherited) -DXcode";
				PRODUCT_NAME = "$(TARGET_NAME)";
				SDKROOT = iphoneos;
				SUPPORTED_PLATFORMS = "macosx iphoneos iphonesimulator appletvos appletvsimulator watchos watchsimulator";
				SWIFT_ACTIVE_COMPILATION_CONDITIONS = "$(inherited) SWIFT_PACKAGE DEBUG";
				SWIFT_OPTIMIZATION_LEVEL = "-Onone";
				TVOS_DEPLOYMENT_TARGET = 13.0;
				USE_HEADERMAP = NO;
				WATCHOS_DEPLOYMENT_TARGET = 6.0;
			};
			name = Debug;
		};
		OBJ_301 /* Debug */ = {
			isa = XCBuildConfiguration;
			buildSettings = {
				LD = /usr/bin/true;
				OTHER_SWIFT_FLAGS = "-swift-version 5 -I $(TOOLCHAIN_DIR)/usr/lib/swift/pm/4_2 -target x86_64-apple-macosx10.10 -sdk /Applications/Xcode.app/Contents/Developer/Platforms/MacOSX.platform/Developer/SDKs/MacOSX10.15.sdk -package-description-version 5.1";
				SWIFT_VERSION = 5.0;
			};
			name = Debug;
		};
		OBJ_302 /* Release */ = {
			isa = XCBuildConfiguration;
			buildSettings = {
				LD = /usr/bin/true;
				OTHER_SWIFT_FLAGS = "-swift-version 5 -I $(TOOLCHAIN_DIR)/usr/lib/swift/pm/4_2 -target x86_64-apple-macosx10.10 -sdk /Applications/Xcode.app/Contents/Developer/Platforms/MacOSX.platform/Developer/SDKs/MacOSX10.15.sdk -package-description-version 5.1";
				SWIFT_VERSION = 5.0;
			};
			name = Release;
		};
		OBJ_307 /* Debug */ = {
			isa = XCBuildConfiguration;
			buildSettings = {
			};
			name = Debug;
		};
		OBJ_308 /* Release */ = {
			isa = XCBuildConfiguration;
			buildSettings = {
			};
			name = Release;
		};
		OBJ_312 /* Debug */ = {
			isa = XCBuildConfiguration;
			buildSettings = {
				CLANG_ENABLE_MODULES = YES;
				EMBEDDED_CONTENT_CONTAINS_SWIFT = YES;
				FRAMEWORK_SEARCH_PATHS = (
					"$(inherited)",
					"$(PLATFORM_DIR)/Developer/Library/Frameworks",
				);
				HEADER_SEARCH_PATHS = (
					"$(inherited)",
					"$(SRCROOT)/.build/checkouts/Quick/Sources/QuickSpecBase/include",
				);
				INFOPLIST_FILE = Vandelay.xcodeproj/VandelayTests_Info.plist;
				LD_RUNPATH_SEARCH_PATHS = (
					"$(inherited)",
					"@loader_path/../Frameworks",
					"@loader_path/Frameworks",
				);
				OTHER_CFLAGS = "$(inherited)";
				OTHER_LDFLAGS = "$(inherited)";
				OTHER_SWIFT_FLAGS = "$(inherited)";
				SWIFT_ACTIVE_COMPILATION_CONDITIONS = "$(inherited)";
				SWIFT_VERSION = 5.0;
				TARGET_NAME = VandelayTests;
			};
			name = Debug;
		};
		OBJ_313 /* Release */ = {
			isa = XCBuildConfiguration;
			buildSettings = {
				CLANG_ENABLE_MODULES = YES;
				EMBEDDED_CONTENT_CONTAINS_SWIFT = YES;
				FRAMEWORK_SEARCH_PATHS = (
					"$(inherited)",
					"$(PLATFORM_DIR)/Developer/Library/Frameworks",
				);
				HEADER_SEARCH_PATHS = (
					"$(inherited)",
					"$(SRCROOT)/.build/checkouts/Quick/Sources/QuickSpecBase/include",
				);
				INFOPLIST_FILE = Vandelay.xcodeproj/VandelayTests_Info.plist;
				LD_RUNPATH_SEARCH_PATHS = (
					"$(inherited)",
					"@loader_path/../Frameworks",
					"@loader_path/Frameworks",
				);
				OTHER_CFLAGS = "$(inherited)";
				OTHER_LDFLAGS = "$(inherited)";
				OTHER_SWIFT_FLAGS = "$(inherited)";
				SWIFT_ACTIVE_COMPILATION_CONDITIONS = "$(inherited)";
				SWIFT_VERSION = 5.0;
				TARGET_NAME = VandelayTests;
			};
			name = Release;
		};
		OBJ_4 /* Release */ = {
			isa = XCBuildConfiguration;
			buildSettings = {
				CLANG_ENABLE_OBJC_ARC = YES;
				COMBINE_HIDPI_IMAGES = YES;
				COPY_PHASE_STRIP = YES;
				DEBUG_INFORMATION_FORMAT = "dwarf-with-dsym";
				DYLIB_INSTALL_NAME_BASE = "@rpath";
				GCC_OPTIMIZATION_LEVEL = s;
				GCC_PREPROCESSOR_DEFINITIONS = (
					"$(inherited)",
					"SWIFT_PACKAGE=1",
				);
				IPHONEOS_DEPLOYMENT_TARGET = 11.0;
				MACOSX_DEPLOYMENT_TARGET = 10.10;
				OTHER_SWIFT_FLAGS = "$(inherited) -DXcode";
				PRODUCT_NAME = "$(TARGET_NAME)";
				SDKROOT = iphoneos;
				SUPPORTED_PLATFORMS = "macosx iphoneos iphonesimulator appletvos appletvsimulator watchos watchsimulator";
				SWIFT_ACTIVE_COMPILATION_CONDITIONS = "$(inherited) SWIFT_PACKAGE";
				SWIFT_COMPILATION_MODE = wholemodule;
				SWIFT_OPTIMIZATION_LEVEL = "-O";
				TVOS_DEPLOYMENT_TARGET = 13.0;
				USE_HEADERMAP = NO;
				WATCHOS_DEPLOYMENT_TARGET = 6.0;
			};
			name = Release;
		};
/* End XCBuildConfiguration section */

/* Begin XCConfigurationList section */
		84DAED83234B2235003F3CD8 /* Build configuration list for PBXNativeTarget "VandelayDemo" */ = {
			isa = XCConfigurationList;
			buildConfigurations = (
				84DAED81234B2235003F3CD8 /* Debug */,
				84DAED82234B2235003F3CD8 /* Release */,
			);
			defaultConfigurationIsVisible = 0;
			defaultConfigurationName = Release;
		};
		OBJ_2 /* Build configuration list for PBXProject "Vandelay" */ = {
			isa = XCConfigurationList;
			buildConfigurations = (
				OBJ_3 /* Debug */,
				OBJ_4 /* Release */,
			);
			defaultConfigurationIsVisible = 0;
			defaultConfigurationName = Release;
		};
		OBJ_272 /* Build configuration list for PBXNativeTarget "Vandelay" */ = {
			isa = XCConfigurationList;
			buildConfigurations = (
				OBJ_273 /* Debug */,
				OBJ_274 /* Release */,
			);
			defaultConfigurationIsVisible = 0;
			defaultConfigurationName = Release;
		};
		OBJ_300 /* Build configuration list for PBXNativeTarget "VandelayPackageDescription" */ = {
			isa = XCConfigurationList;
			buildConfigurations = (
				OBJ_301 /* Debug */,
				OBJ_302 /* Release */,
			);
			defaultConfigurationIsVisible = 0;
			defaultConfigurationName = Release;
		};
		OBJ_306 /* Build configuration list for PBXAggregateTarget "VandelayPackageTests" */ = {
			isa = XCConfigurationList;
			buildConfigurations = (
				OBJ_307 /* Debug */,
				OBJ_308 /* Release */,
			);
			defaultConfigurationIsVisible = 0;
			defaultConfigurationName = Release;
		};
		OBJ_311 /* Build configuration list for PBXNativeTarget "VandelayTests" */ = {
			isa = XCConfigurationList;
			buildConfigurations = (
				OBJ_312 /* Debug */,
				OBJ_313 /* Release */,
			);
			defaultConfigurationIsVisible = 0;
			defaultConfigurationName = Release;
		};
/* End XCConfigurationList section */

/* Begin XCRemoteSwiftPackageReference section */
		A963E2B824A9D73400665C6B /* XCRemoteSwiftPackageReference "Quick" */ = {
			isa = XCRemoteSwiftPackageReference;
			repositoryURL = "https://github.com/Quick/Quick.git";
			requirement = {
				kind = upToNextMajorVersion;
				minimumVersion = 3.0.0;
			};
		};
		A963E2BB24A9D74F00665C6B /* XCRemoteSwiftPackageReference "Nimble" */ = {
			isa = XCRemoteSwiftPackageReference;
			repositoryURL = "https://github.com/Quick/Nimble.git";
			requirement = {
				kind = upToNextMajorVersion;
				minimumVersion = 8.1.1;
			};
		};
		A963E2C024A9D77900665C6B /* XCRemoteSwiftPackageReference "Mockery" */ = {
			isa = XCRemoteSwiftPackageReference;
			repositoryURL = "https://github.com/danielsaidi/Mockery.git";
			requirement = {
				kind = upToNextMajorVersion;
				minimumVersion = 0.6.0;
			};
		};
/* End XCRemoteSwiftPackageReference section */

/* Begin XCSwiftPackageProductDependency section */
		A963E2BC24A9D74F00665C6B /* Nimble */ = {
			isa = XCSwiftPackageProductDependency;
			package = A963E2BB24A9D74F00665C6B /* XCRemoteSwiftPackageReference "Nimble" */;
			productName = Nimble;
		};
		A963E2BE24A9D76100665C6B /* Quick */ = {
			isa = XCSwiftPackageProductDependency;
			package = A963E2B824A9D73400665C6B /* XCRemoteSwiftPackageReference "Quick" */;
			productName = Quick;
		};
		A963E2C124A9D77900665C6B /* Mockery */ = {
			isa = XCSwiftPackageProductDependency;
			package = A963E2C024A9D77900665C6B /* XCRemoteSwiftPackageReference "Mockery" */;
			productName = Mockery;
		};
/* End XCSwiftPackageProductDependency section */
	};
	rootObject = OBJ_1 /* Project object */;
}
